<?xml version="1.0" encoding="utf-8"?>
<Project ToolsVersion="4.0" xmlns="http://schemas.microsoft.com/developer/msbuild/2003">
  <ItemGroup>
    <FxCompile Include="Forward.hlsl" />
    <FxCompile Include="Deferred.hlsl" />
  </ItemGroup>
  <ItemGroup>
    <None Include="Anim.hlsli" />
    <None Include="Rendering.hlsli" />
    <None Include="Lighting.hlsli" />
  </ItemGroup>
</Project>