
Microsoft Visual Studio Solution File, Format Version 12.00
# Visual Studio Version 17
VisualStudioVersion = 17.9.34616.47
MinimumVisualStudioVersion = 10.0.40219.1
Project("{8BC9CEB8-8B4A-11D0-8D11-00A0C91BC942}") = "XBase", "XBase\XBase.vcxproj", "{D11EE930-4D86-4C82-9DF3-BF917677C79B}"
EndProject
Project("{8BC9CEB8-8B4A-11D0-8D11-00A0C91BC942}") = "XEngine", "XEngine\XEngine.vcxproj", "{5CD25941-323C-452A-BF10-3FCB4A799E71}"
EndProject
Project("{8BC9CEB8-8B4A-11D0-8D11-00A0C91BC942}") = "XClient", "XClient\XClient.vcxproj", "{6D6B16AC-C14F-458B-92A9-868FCBC2E48A}"
EndProject
Project("{8BC9CEB8-8B4A-11D0-8D11-00A0C91BC942}") = "XLogic", "XLogic\XLogic.vcxproj", "{28886F21-0B4F-43B1-8FEB-3A4E4D568A64}"
EndProject
Project("{2150E333-8FDC-42A3-9474-1A3956D46DE8}") = "APP", "APP", "{D14C9905-F7A2-410F-A2AF-1461450D1DBA}"
EndProject
Project("{2150E333-8FDC-42A3-9474-1A3956D46DE8}") = "ENG", "ENG", "{C19F25E5-7ED0-4651-837A-B1A7DF3F858E}"
EndProject
Project("{8BC9CEB8-8B4A-11D0-8D11-00A0C91BC942}") = "XTool", "XTool\XTool.vcxproj", "{14DF93EC-5A81-43C7-BE57-7CE8475C14E3}"
EndProject
Project("{2150E333-8FDC-42A3-9474-1A3956D46DE8}") = "SHD", "SHD", "{94B956A7-34FF-42B3-B1A5-0E16782A0BAA}"
EndProject
Project("{2150E333-8FDC-42A3-9474-1A3956D46DE8}") = "THP", "THP", "{4F4098E0-49A3-4854-91E1-6328576497FF}"
EndProject
Project("{8BC9CEB8-8B4A-11D0-8D11-00A0C91BC942}") = "XShader", "XShader\XShader.vcxproj", "{75C9AF5A-E771-4F2F-AE9D-D3C09859ACA5}"
EndProject
Global
	GlobalSection(SolutionConfigurationPlatforms) = preSolution
		Debug|x64 = Debug|x64
		Debug|x86 = Debug|x86
		Release|x64 = Release|x64
		Release|x86 = Release|x86
	EndGlobalSection
	GlobalSection(ProjectConfigurationPlatforms) = postSolution
		{D11EE930-4D86-4C82-9DF3-BF917677C79B}.Debug|x64.ActiveCfg = Debug|x64
		{D11EE930-4D86-4C82-9DF3-BF917677C79B}.Debug|x64.Build.0 = Debug|x64
		{D11EE930-4D86-4C82-9DF3-BF917677C79B}.Debug|x86.ActiveCfg = Debug|Win32
		{D11EE930-4D86-4C82-9DF3-BF917677C79B}.Debug|x86.Build.0 = Debug|Win32
		{D11EE930-4D86-4C82-9DF3-BF917677C79B}.Release|x64.ActiveCfg = Release|x64
		{D11EE930-4D86-4C82-9DF3-BF917677C79B}.Release|x64.Build.0 = Release|x64
		{D11EE930-4D86-4C82-9DF3-BF917677C79B}.Release|x86.ActiveCfg = Release|Win32
		{D11EE930-4D86-4C82-9DF3-BF917677C79B}.Release|x86.Build.0 = Release|Win32
		{5CD25941-323C-452A-BF10-3FCB4A799E71}.Debug|x64.ActiveCfg = Debug|x64
		{5CD25941-323C-452A-BF10-3FCB4A799E71}.Debug|x64.Build.0 = Debug|x64
		{5CD25941-323C-452A-BF10-3FCB4A799E71}.Debug|x86.ActiveCfg = Debug|Win32
		{5CD25941-323C-452A-BF10-3FCB4A799E71}.Debug|x86.Build.0 = Debug|Win32
		{5CD25941-323C-452A-BF10-3FCB4A799E71}.Release|x64.ActiveCfg = Release|x64
		{5CD25941-323C-452A-BF10-3FCB4A799E71}.Release|x64.Build.0 = Release|x64
		{5CD25941-323C-452A-BF10-3FCB4A799E71}.Release|x86.ActiveCfg = Release|Win32
		{5CD25941-323C-452A-BF10-3FCB4A799E71}.Release|x86.Build.0 = Release|Win32
		{6D6B16AC-C14F-458B-92A9-868FCBC2E48A}.Debug|x64.ActiveCfg = Debug|x64
		{6D6B16AC-C14F-458B-92A9-868FCBC2E48A}.Debug|x64.Build.0 = Debug|x64
		{6D6B16AC-C14F-458B-92A9-868FCBC2E48A}.Debug|x86.ActiveCfg = Debug|Win32
		{6D6B16AC-C14F-458B-92A9-868FCBC2E48A}.Debug|x86.Build.0 = Debug|Win32
		{6D6B16AC-C14F-458B-92A9-868FCBC2E48A}.Release|x64.ActiveCfg = Release|x64
		{6D6B16AC-C14F-458B-92A9-868FCBC2E48A}.Release|x64.Build.0 = Release|x64
		{6D6B16AC-C14F-458B-92A9-868FCBC2E48A}.Release|x86.ActiveCfg = Release|Win32
		{6D6B16AC-C14F-458B-92A9-868FCBC2E48A}.Release|x86.Build.0 = Release|Win32
		{28886F21-0B4F-43B1-8FEB-3A4E4D568A64}.Debug|x64.ActiveCfg = Debug|x64
		{28886F21-0B4F-43B1-8FEB-3A4E4D568A64}.Debug|x64.Build.0 = Debug|x64
		{28886F21-0B4F-43B1-8FEB-3A4E4D568A64}.Debug|x86.ActiveCfg = Debug|Win32
		{28886F21-0B4F-43B1-8FEB-3A4E4D568A64}.Debug|x86.Build.0 = Debug|Win32
		{28886F21-0B4F-43B1-8FEB-3A4E4D568A64}.Release|x64.ActiveCfg = Release|x64
		{28886F21-0B4F-43B1-8FEB-3A4E4D568A64}.Release|x64.Build.0 = Release|x64
		{28886F21-0B4F-43B1-8FEB-3A4E4D568A64}.Release|x86.ActiveCfg = Release|Win32
		{28886F21-0B4F-43B1-8FEB-3A4E4D568A64}.Release|x86.Build.0 = Release|Win32
		{14DF93EC-5A81-43C7-BE57-7CE8475C14E3}.Debug|x64.ActiveCfg = Debug|x64
		{14DF93EC-5A81-43C7-BE57-7CE8475C14E3}.Debug|x64.Build.0 = Debug|x64
		{14DF93EC-5A81-43C7-BE57-7CE8475C14E3}.Debug|x86.ActiveCfg = Debug|Win32
		{14DF93EC-5A81-43C7-BE57-7CE8475C14E3}.Debug|x86.Build.0 = Debug|Win32
		{14DF93EC-5A81-43C7-BE57-7CE8475C14E3}.Release|x64.ActiveCfg = Release|x64
		{14DF93EC-5A81-43C7-BE57-7CE8475C14E3}.Release|x64.Build.0 = Release|x64
		{14DF93EC-5A81-43C7-BE57-7CE8475C14E3}.Release|x86.ActiveCfg = Release|Win32
		{14DF93EC-5A81-43C7-BE57-7CE8475C14E3}.Release|x86.Build.0 = Release|Win32
		{75C9AF5A-E771-4F2F-AE9D-D3C09859ACA5}.Debug|x64.ActiveCfg = Debug|x64
		{75C9AF5A-E771-4F2F-AE9D-D3C09859ACA5}.Debug|x64.Build.0 = Debug|x64
		{75C9AF5A-E771-4F2F-AE9D-D3C09859ACA5}.Debug|x86.ActiveCfg = Debug|Win32
		{75C9AF5A-E771-4F2F-AE9D-D3C09859ACA5}.Debug|x86.Build.0 = Debug|Win32
		{75C9AF5A-E771-4F2F-AE9D-D3C09859ACA5}.Release|x64.ActiveCfg = Release|x64
		{75C9AF5A-E771-4F2F-AE9D-D3C09859ACA5}.Release|x64.Build.0 = Release|x64
		{75C9AF5A-E771-4F2F-AE9D-D3C09859ACA5}.Release|x86.ActiveCfg = Release|Win32
		{75C9AF5A-E771-4F2F-AE9D-D3C09859ACA5}.Release|x86.Build.0 = Release|Win32
	EndGlobalSection
	GlobalSection(SolutionProperties) = preSolution
		HideSolutionNode = FALSE
	EndGlobalSection
	GlobalSection(NestedProjects) = preSolution
		{D11EE930-4D86-4C82-9DF3-BF917677C79B} = {C19F25E5-7ED0-4651-837A-B1A7DF3F858E}
		{5CD25941-323C-452A-BF10-3FCB4A799E71} = {C19F25E5-7ED0-4651-837A-B1A7DF3F858E}
		{6D6B16AC-C14F-458B-92A9-868FCBC2E48A} = {D14C9905-F7A2-410F-A2AF-1461450D1DBA}
		{28886F21-0B4F-43B1-8FEB-3A4E4D568A64} = {C19F25E5-7ED0-4651-837A-B1A7DF3F858E}
		{14DF93EC-5A81-43C7-BE57-7CE8475C14E3} = {D14C9905-F7A2-410F-A2AF-1461450D1DBA}
		{75C9AF5A-E771-4F2F-AE9D-D3C09859ACA5} = {94B956A7-34FF-42B3-B1A5-0E16782A0BAA}
	EndGlobalSection
	GlobalSection(ExtensibilityGlobals) = postSolution
		SolutionGuid = {8E46BA2E-8DD3-445B-B08F-7565EEBBEDCE}
	EndGlobalSection
EndGlobal
