<?xml version="1.0" encoding="utf-8"?>
<Project ToolsVersion="4.0" xmlns="http://schemas.microsoft.com/developer/msbuild/2003">
  <ItemGroup>
    <ClInclude Include="XRenderTarget.h" />
    <ClInclude Include="XDevice.h" />
    <ClInclude Include="XRender.h" />
    <ClInclude Include="XTransform.h" />
    <ClInclude Include="XFont.h" />
    <ClInclude Include="XComponent.h" />
    <ClInclude Include="XCam.h" />
    <ClInclude Include="XAnim.h" />
    <ClInclude Include="XActor.h" />
    <ClInclude Include="XScene.h" />
    <ClInclude Include="XEngDebug.h" />
    <ClInclude Include="XBlend.h" />
    <ClInclude Include="XDepthStencil.h" />
    <ClInclude Include="XRasterizer.h" />
    <ClInclude Include="XShader.h" />
    <ClInclude Include="XDevBuffer.h" />
    <ClInclude Include="XIdxBuffer.h" />
    <ClInclude Include="XTexture.h" />
    <ClInclude Include="XSampler.h" />
    <ClInclude Include="XConstBuffer.h" />
    <ClInclude Include="XPixShader.h" />
    <ClInclude Include="XVtxShader.h" />
    <ClInclude Include="XMaterial.h" />
    <ClInclude Include="XMesh.h" />
    <ClInclude Include="XVirtualFunc.h" />
    <ClInclude Include="XCollision.h" />
    <ClInclude Include="XFbxExp.h" />
    <ClInclude Include="XBoneAnimExp.h" />
    <ClInclude Include="XRay.h" />
    <ClInclude Include="XParticle.h" />
    <ClInclude Include="XOutLineFilter.h" />
    <ClInclude Include="XMotionBlur.h" />
    <ClInclude Include="XMapBloomFilter.h" />
    <ClInclude Include="XFogFilter.h" />
    <ClInclude Include="XBloomFilter.h" />
    <ClInclude Include="XHeightMap.h" />
    <ClInclude Include="XLight.h" />
    <ClInclude Include="XGeometryShader.h" />
    <ClInclude Include="XStructuredBuffer.h" />
    <ClInclude Include="XRenderingData.h" />
    <ClInclude Include="XVtxCom.h" />
  </ItemGroup>
  <ItemGroup>
    <ClCompile Include="XRenderTarget.cpp" />
    <ClCompile Include="XDevice.cpp" />
    <ClCompile Include="XRender.cpp" />
    <ClCompile Include="XTransform.cpp" />
    <ClCompile Include="XFont.cpp" />
    <ClCompile Include="XComponent.cpp" />
    <ClCompile Include="XCam.cpp" />
    <ClCompile Include="XAnim.cpp" />
    <ClCompile Include="XActor.cpp" />
    <ClCompile Include="XScene.cpp" />
    <ClCompile Include="XEngDebug.cpp" />
    <ClCompile Include="XBlend.cpp" />
    <ClCompile Include="XDepthStencil.cpp" />
    <ClCompile Include="XRasterizer.cpp" />
    <ClCompile Include="XShader.cpp" />
    <ClCompile Include="XDevBuffer.cpp" />
    <ClCompile Include="XIdxBuffer.cpp" />
    <ClCompile Include="XTexture.cpp" />
    <ClCompile Include="XSampler.cpp" />
    <ClCompile Include="XConstBuffer.cpp" />
    <ClCompile Include="XPixShader.cpp" />
    <ClCompile Include="XVtxShader.cpp" />
    <ClCompile Include="XMaterial.cpp" />
    <ClCompile Include="XMesh.cpp" />
    <ClCompile Include="XVirtualFunc.cpp" />
    <ClCompile Include="XCollision.cpp" />
    <ClCompile Include="XFbxExp.cpp" />
    <ClCompile Include="XBoneAnimExp.cpp" />
    <ClCompile Include="XRay.cpp" />
    <ClCompile Include="XParticle.cpp" />
    <ClCompile Include="XOutLineFilter.cpp" />
    <ClCompile Include="XMotionBlur.cpp" />
    <ClCompile Include="XMapBloomFilter.cpp" />
    <ClCompile Include="XFogFilter.cpp" />
    <ClCompile Include="XBloomFilter.cpp" />
    <ClCompile Include="XHeightMap.cpp" />
    <ClCompile Include="XLight.cpp" />
    <ClCompile Include="XGeometryShader.cpp" />
    <ClCompile Include="XStructuredBuffer.cpp" />
    <ClCompile Include="XRenderingData.cpp" />
    <ClCompile Include="XVtxCom.cpp" />
    <ClCompile Include="XDevice_Blend.cpp" />
    <ClCompile Include="XDevice_DepthStencil.cpp" />
    <ClCompile Include="XDevice_Material.cpp" />
    <ClCompile Include="XDevice_Mesh.cpp" />
    <ClCompile Include="XDevice_Rasterizer.cpp" />
    <ClCompile Include="XDevice_Sampler.cpp" />
    <ClCompile Include="XDevice_Shader.cpp" />
  </ItemGroup>
</Project>